
Microsoft Visual Studio Solution File, Format Version 12.00
# Visual Studio Version 17
VisualStudioVersion = 17.3.32922.545
MinimumVisualStudioVersion = 10.0.40219.1
Project("{9A19103F-16F7-4668-BE54-9A1E7A4F7556}") = "Lagerverwaltung", "Lagerverwaltung\Lagerverwaltung.csproj", "{18D95600-2762-4DE3-A3EC-3ACFEBFB2E51}"
EndProject
Project("{FAE04EC0-301F-11D3-BF4B-00C04F79EFBC}") = "NUnitTests", "NUnitTests\NUnitTests.csproj", "{9928E0B5-4C08-4D35-ACF1-919FF97C06F2}"
EndProject
Global
	GlobalSection(SolutionConfigurationPlatforms) = preSolution
		Debug|Any CPU = Debug|Any CPU
		Release|Any CPU = Release|Any CPU
	EndGlobalSection
	GlobalSection(ProjectConfigurationPlatforms) = postSolution
		{18D95600-2762-4DE3-A3EC-3ACFEBFB2E51}.Debug|Any CPU.ActiveCfg = Debug|Any CPU
		{18D95600-2762-4DE3-A3EC-3ACFEBFB2E51}.Debug|Any CPU.Build.0 = Debug|Any CPU
		{18D95600-2762-4DE3-A3EC-3ACFEBFB2E51}.Release|Any CPU.ActiveCfg = Release|Any CPU
		{18D95600-2762-4DE3-A3EC-3ACFEBFB2E51}.Release|Any CPU.Build.0 = Release|Any CPU
		{9928E0B5-4C08-4D35-ACF1-919FF97C06F2}.Debug|Any CPU.ActiveCfg = Debug|Any CPU
		{9928E0B5-4C08-4D35-ACF1-919FF97C06F2}.Debug|Any CPU.Build.0 = Debug|Any CPU
		{9928E0B5-4C08-4D35-ACF1-919FF97C06F2}.Release|Any CPU.ActiveCfg = Release|Any CPU
		{9928E0B5-4C08-4D35-ACF1-919FF97C06F2}.Release|Any CPU.Build.0 = Release|Any CPU
	EndGlobalSection
	GlobalSection(SolutionProperties) = preSolution
		HideSolutionNode = FALSE
	EndGlobalSection
	GlobalSection(ExtensibilityGlobals) = postSolution
		SolutionGuid = {36C77A70-8E2B-457E-9C16-1E3B594AF3BA}
	EndGlobalSection
EndGlobal
